
Microsoft Visual Studio Solution File, Format Version 12.00
# Visual Studio Version 17
VisualStudioVersion = 17.6.33712.159
MinimumVisualStudioVersion = 10.0.40219.1
Project("{8BC9CEB8-8B4A-11D0-8D11-00A0C91BC942}") = "hydrogenx86", "hydrogenx86\hydrogenx86.vcxproj", "{84D18289-F034-4166-8E9A-9EA8179FDE30}"
EndProject
Global
	GlobalSection(SolutionConfigurationPlatforms) = preSolution
		Debug|x64 = Debug|x64
		Debug|x86 = Debug|x86
		Release|x64 = Release|x64
		Release|x86 = Release|x86
	EndGlobalSection
	GlobalSection(ProjectConfigurationPlatforms) = postSolution
		{84D18289-F034-4166-8E9A-9EA8179FDE30}.Debug|x64.ActiveCfg = Debug|x64
		{84D18289-F034-4166-8E9A-9EA8179FDE30}.Debug|x64.Build.0 = Debug|x64
		{84D18289-F034-4166-8E9A-9EA8179FDE30}.Debug|x86.ActiveCfg = Debug|Win32
		{84D18289-F034-4166-8E9A-9EA8179FDE30}.Debug|x86.Build.0 = Debug|Win32
		{84D18289-F034-4166-8E9A-9EA8179FDE30}.Release|x64.ActiveCfg = Release|x64
		{84D18289-F034-4166-8E9A-9EA8179FDE30}.Release|x64.Build.0 = Release|x64
		{84D18289-F034-4166-8E9A-9EA8179FDE30}.Release|x86.ActiveCfg = Release|Win32
		{84D18289-F034-4166-8E9A-9EA8179FDE30}.Release|x86.Build.0 = Release|Win32
	EndGlobalSection
	GlobalSection(SolutionProperties) = preSolution
		HideSolutionNode = FALSE
	EndGlobalSection
	GlobalSection(ExtensibilityGlobals) = postSolution
		SolutionGuid = {A9F83572-CBF7-4DCB-A7D0-7F91897850B6}
	EndGlobalSection
EndGlobal
